
Microsoft Visual Studio Solution File, Format Version 12.00
# Visual Studio Version 16
VisualStudioVersion = 16.0.31005.135
MinimumVisualStudioVersion = 10.0.40219.1
Project("{9A19103F-16F7-4668-BE54-9A1E7A4F7556}") = "SimpleCSharp_Project", "SimpleCSharp_Project\SimpleCSharp_Project.csproj", "{7F3996F8-17F7-45CA-84CA-C5093A35D486}"
EndProject
Project("{9A19103F-16F7-4668-BE54-9A1E7A4F7556}") = "ConsoleApp2", "ConsoleApp2\ConsoleApp2.csproj", "{DADF77B4-2522-477E-A2DF-275EC2722E80}"
EndProject
Project("{9A19103F-16F7-4668-BE54-9A1E7A4F7556}") = "Must.website", "Must.website\Must.website.csproj", "{D0143F88-CC3E-4D4C-920E-3057C63FC0B7}"
EndProject
Project("{D954291E-2A0B-460D-934E-DC6B0785DB48}") = "_SharedSources1", "_SharedSources1\_SharedSources1.shproj", "{41C9584A-0140-4CA6-A033-C931ADC7DDD7}"
EndProject
Project("{FAE04EC0-301F-11D3-BF4B-00C04F79EFBC}") = "ProjectInfoXmlFile", "ProjectInfoXmlFile\ProjectInfoXmlFile.csproj", "{E50F6DE0-1B9D-4CAC-A7ED-DF0B1721276B}"
EndProject
Global
	GlobalSection(SharedMSBuildProjectFiles) = preSolution
		_SharedSources1\_SharedSources1.projitems*{41c9584a-0140-4ca6-a033-c931adc7ddd7}*SharedItemsImports = 13
		_SharedSources1\_SharedSources1.projitems*{dadf77b4-2522-477e-a2df-275ec2722e80}*SharedItemsImports = 5
	EndGlobalSection
	GlobalSection(SolutionConfigurationPlatforms) = preSolution
		Debug|Any CPU = Debug|Any CPU
		Debug|x64 = Debug|x64
		Debug|x86 = Debug|x86
		Release|Any CPU = Release|Any CPU
		Release|x64 = Release|x64
		Release|x86 = Release|x86
	EndGlobalSection
	GlobalSection(ProjectConfigurationPlatforms) = postSolution
		{7F3996F8-17F7-45CA-84CA-C5093A35D486}.Debug|Any CPU.ActiveCfg = Debug|Any CPU
		{7F3996F8-17F7-45CA-84CA-C5093A35D486}.Debug|Any CPU.Build.0 = Debug|Any CPU
		{7F3996F8-17F7-45CA-84CA-C5093A35D486}.Debug|x64.ActiveCfg = Debug|Any CPU
		{7F3996F8-17F7-45CA-84CA-C5093A35D486}.Debug|x64.Build.0 = Debug|Any CPU
		{7F3996F8-17F7-45CA-84CA-C5093A35D486}.Debug|x86.ActiveCfg = Debug|Any CPU
		{7F3996F8-17F7-45CA-84CA-C5093A35D486}.Debug|x86.Build.0 = Debug|Any CPU
		{7F3996F8-17F7-45CA-84CA-C5093A35D486}.Release|Any CPU.ActiveCfg = Release|Any CPU
		{7F3996F8-17F7-45CA-84CA-C5093A35D486}.Release|Any CPU.Build.0 = Release|Any CPU
		{7F3996F8-17F7-45CA-84CA-C5093A35D486}.Release|x64.ActiveCfg = Release|Any CPU
		{7F3996F8-17F7-45CA-84CA-C5093A35D486}.Release|x64.Build.0 = Release|Any CPU
		{7F3996F8-17F7-45CA-84CA-C5093A35D486}.Release|x86.ActiveCfg = Release|Any CPU
		{7F3996F8-17F7-45CA-84CA-C5093A35D486}.Release|x86.Build.0 = Release|Any CPU
		{DADF77B4-2522-477E-A2DF-275EC2722E80}.Debug|Any CPU.ActiveCfg = Debug|Any CPU
		{DADF77B4-2522-477E-A2DF-275EC2722E80}.Debug|Any CPU.Build.0 = Debug|Any CPU
		{DADF77B4-2522-477E-A2DF-275EC2722E80}.Debug|x64.ActiveCfg = Debug|Any CPU
		{DADF77B4-2522-477E-A2DF-275EC2722E80}.Debug|x64.Build.0 = Debug|Any CPU
		{DADF77B4-2522-477E-A2DF-275EC2722E80}.Debug|x86.ActiveCfg = Debug|Any CPU
		{DADF77B4-2522-477E-A2DF-275EC2722E80}.Debug|x86.Build.0 = Debug|Any CPU
		{DADF77B4-2522-477E-A2DF-275EC2722E80}.Release|Any CPU.ActiveCfg = Release|Any CPU
		{DADF77B4-2522-477E-A2DF-275EC2722E80}.Release|Any CPU.Build.0 = Release|Any CPU
		{DADF77B4-2522-477E-A2DF-275EC2722E80}.Release|x64.ActiveCfg = Release|Any CPU
		{DADF77B4-2522-477E-A2DF-275EC2722E80}.Release|x64.Build.0 = Release|Any CPU
		{DADF77B4-2522-477E-A2DF-275EC2722E80}.Release|x86.ActiveCfg = Release|Any CPU
		{DADF77B4-2522-477E-A2DF-275EC2722E80}.Release|x86.Build.0 = Release|Any CPU
		{D0143F88-CC3E-4D4C-920E-3057C63FC0B7}.Debug|Any CPU.ActiveCfg = Debug|Any CPU
		{D0143F88-CC3E-4D4C-920E-3057C63FC0B7}.Debug|Any CPU.Build.0 = Debug|Any CPU
		{D0143F88-CC3E-4D4C-920E-3057C63FC0B7}.Debug|x64.ActiveCfg = Debug|Any CPU
		{D0143F88-CC3E-4D4C-920E-3057C63FC0B7}.Debug|x64.Build.0 = Debug|Any CPU
		{D0143F88-CC3E-4D4C-920E-3057C63FC0B7}.Debug|x86.ActiveCfg = Debug|Any CPU
		{D0143F88-CC3E-4D4C-920E-3057C63FC0B7}.Debug|x86.Build.0 = Debug|Any CPU
		{D0143F88-CC3E-4D4C-920E-3057C63FC0B7}.Release|Any CPU.ActiveCfg = Release|Any CPU
		{D0143F88-CC3E-4D4C-920E-3057C63FC0B7}.Release|Any CPU.Build.0 = Release|Any CPU
		{D0143F88-CC3E-4D4C-920E-3057C63FC0B7}.Release|x64.ActiveCfg = Release|Any CPU
		{D0143F88-CC3E-4D4C-920E-3057C63FC0B7}.Release|x64.Build.0 = Release|Any CPU
		{D0143F88-CC3E-4D4C-920E-3057C63FC0B7}.Release|x86.ActiveCfg = Release|Any CPU
		{D0143F88-CC3E-4D4C-920E-3057C63FC0B7}.Release|x86.Build.0 = Release|Any CPU
		{E50F6DE0-1B9D-4CAC-A7ED-DF0B1721276B}.Debug|Any CPU.ActiveCfg = Debug|Any CPU
		{E50F6DE0-1B9D-4CAC-A7ED-DF0B1721276B}.Debug|Any CPU.Build.0 = Debug|Any CPU
		{E50F6DE0-1B9D-4CAC-A7ED-DF0B1721276B}.Debug|x64.ActiveCfg = Debug|Any CPU
		{E50F6DE0-1B9D-4CAC-A7ED-DF0B1721276B}.Debug|x64.Build.0 = Debug|Any CPU
		{E50F6DE0-1B9D-4CAC-A7ED-DF0B1721276B}.Debug|x86.ActiveCfg = Debug|Any CPU
		{E50F6DE0-1B9D-4CAC-A7ED-DF0B1721276B}.Debug|x86.Build.0 = Debug|Any CPU
		{E50F6DE0-1B9D-4CAC-A7ED-DF0B1721276B}.Release|Any CPU.ActiveCfg = Release|Any CPU
		{E50F6DE0-1B9D-4CAC-A7ED-DF0B1721276B}.Release|Any CPU.Build.0 = Release|Any CPU
		{E50F6DE0-1B9D-4CAC-A7ED-DF0B1721276B}.Release|x64.ActiveCfg = Release|Any CPU
		{E50F6DE0-1B9D-4CAC-A7ED-DF0B1721276B}.Release|x64.Build.0 = Release|Any CPU
		{E50F6DE0-1B9D-4CAC-A7ED-DF0B1721276B}.Release|x86.ActiveCfg = Release|Any CPU
		{E50F6DE0-1B9D-4CAC-A7ED-DF0B1721276B}.Release|x86.Build.0 = Release|Any CPU
	EndGlobalSection
	GlobalSection(SolutionProperties) = preSolution
		HideSolutionNode = FALSE
	EndGlobalSection
	GlobalSection(ExtensibilityGlobals) = postSolution
		SolutionGuid = {F393AB22-84A9-437C-B0F2-48754BBD1079}
	EndGlobalSection
EndGlobal
